
Microsoft Visual Studio Solution File, Format Version 12.00
Project("{FAE04EC0-301F-11D3-BF4B-00C04F79EFBC}") = "SpekkieSite", "SpekkieSite\SpekkieSite.csproj", "{6354455B-92FB-4C71-84B6-E3D0F6E0DA6D}"
EndProject
Global
	GlobalSection(SolutionConfigurationPlatforms) = preSolution
		Debug|Any CPU = Debug|Any CPU
		Release|Any CPU = Release|Any CPU
	EndGlobalSection
	GlobalSection(ProjectConfigurationPlatforms) = postSolution
		{6354455B-92FB-4C71-84B6-E3D0F6E0DA6D}.Debug|Any CPU.ActiveCfg = Debug|Any CPU
		{6354455B-92FB-4C71-84B6-E3D0F6E0DA6D}.Debug|Any CPU.Build.0 = Debug|Any CPU
		{6354455B-92FB-4C71-84B6-E3D0F6E0DA6D}.Release|Any CPU.ActiveCfg = Release|Any CPU
		{6354455B-92FB-4C71-84B6-E3D0F6E0DA6D}.Release|Any CPU.Build.0 = Release|Any CPU
	EndGlobalSection
EndGlobal
